
Microsoft Visual Studio Solution File, Format Version 12.00
# Visual Studio 14
VisualStudioVersion = 14.0.24720.0
MinimumVisualStudioVersion = 10.0.40219.1
Project("{2150E333-8FDC-42A3-9474-1A3956D46DE8}") = "src", "src", "{7D991DAA-1433-4C3C-8E28-7EAE9B954364}"
EndProject
Project("{2150E333-8FDC-42A3-9474-1A3956D46DE8}") = "Solution Items", "Solution Items", "{D63EB35D-0906-4CF1-AB61-A5812B96E71C}"
	ProjectSection(SolutionItems) = preProject
		global.json = global.json
		..\global.json = ..\global.json
	EndProjectSection
EndProject
Project("{8BB2217D-0F2D-49D1-97BC-3654ED321F3B}") = "SimplyCore.TagHelpers", "src\SimplyCore.TagHelpers\SimplyCore.TagHelpers.xproj", "{F075946B-85DB-43E3-A1EC-31D054D4C396}"
EndProject
Project("{8BB2217D-0F2D-49D1-97BC-3654ED321F3B}") = "SimplyCore.Foundation", "..\SimplyCore.Foundation\SimplyCore.Foundation.xproj", "{48A7C234-6326-4AB6-BFC4-3E09644965DF}"
EndProject
Project("{8BB2217D-0F2D-49D1-97BC-3654ED321F3B}") = "SampleWebsite", "..\SampleWebsite\SampleWebsite.xproj", "{AEAD750F-4FEC-497C-BB12-CA6534FAA13B}"
EndProject
Global
	GlobalSection(SolutionConfigurationPlatforms) = preSolution
		Debug|Any CPU = Debug|Any CPU
		Release|Any CPU = Release|Any CPU
	EndGlobalSection
	GlobalSection(ProjectConfigurationPlatforms) = postSolution
		{F075946B-85DB-43E3-A1EC-31D054D4C396}.Debug|Any CPU.ActiveCfg = Debug|Any CPU
		{F075946B-85DB-43E3-A1EC-31D054D4C396}.Debug|Any CPU.Build.0 = Debug|Any CPU
		{F075946B-85DB-43E3-A1EC-31D054D4C396}.Release|Any CPU.ActiveCfg = Release|Any CPU
		{F075946B-85DB-43E3-A1EC-31D054D4C396}.Release|Any CPU.Build.0 = Release|Any CPU
		{48A7C234-6326-4AB6-BFC4-3E09644965DF}.Debug|Any CPU.ActiveCfg = Debug|Any CPU
		{48A7C234-6326-4AB6-BFC4-3E09644965DF}.Debug|Any CPU.Build.0 = Debug|Any CPU
		{48A7C234-6326-4AB6-BFC4-3E09644965DF}.Release|Any CPU.ActiveCfg = Release|Any CPU
		{48A7C234-6326-4AB6-BFC4-3E09644965DF}.Release|Any CPU.Build.0 = Release|Any CPU
		{AEAD750F-4FEC-497C-BB12-CA6534FAA13B}.Debug|Any CPU.ActiveCfg = Debug|Any CPU
		{AEAD750F-4FEC-497C-BB12-CA6534FAA13B}.Debug|Any CPU.Build.0 = Debug|Any CPU
		{AEAD750F-4FEC-497C-BB12-CA6534FAA13B}.Release|Any CPU.ActiveCfg = Release|Any CPU
		{AEAD750F-4FEC-497C-BB12-CA6534FAA13B}.Release|Any CPU.Build.0 = Release|Any CPU
	EndGlobalSection
	GlobalSection(SolutionProperties) = preSolution
		HideSolutionNode = FALSE
	EndGlobalSection
	GlobalSection(NestedProjects) = preSolution
		{F075946B-85DB-43E3-A1EC-31D054D4C396} = {7D991DAA-1433-4C3C-8E28-7EAE9B954364}
		{48A7C234-6326-4AB6-BFC4-3E09644965DF} = {7D991DAA-1433-4C3C-8E28-7EAE9B954364}
		{AEAD750F-4FEC-497C-BB12-CA6534FAA13B} = {7D991DAA-1433-4C3C-8E28-7EAE9B954364}
	EndGlobalSection
EndGlobal
